
Microsoft Visual Studio Solution File, Format Version 12.00
# Visual Studio Version 17
VisualStudioVersion = 17.0.32014.148
MinimumVisualStudioVersion = 10.0.40219.1
Project("{FAE04EC0-301F-11D3-BF4B-00C04F79EFBC}") = "SampleJwtToken", "SampleJwtToken\SampleJwtToken.csproj", "{CFEAE63F-78CD-4CBE-862D-E7EC1C8CEDB7}"
EndProject
Global
	GlobalSection(SolutionConfigurationPlatforms) = preSolution
		Debug|Any CPU = Debug|Any CPU
		Release|Any CPU = Release|Any CPU
	EndGlobalSection
	GlobalSection(ProjectConfigurationPlatforms) = postSolution
		{CFEAE63F-78CD-4CBE-862D-E7EC1C8CEDB7}.Debug|Any CPU.ActiveCfg = Debug|Any CPU
		{CFEAE63F-78CD-4CBE-862D-E7EC1C8CEDB7}.Debug|Any CPU.Build.0 = Debug|Any CPU
		{CFEAE63F-78CD-4CBE-862D-E7EC1C8CEDB7}.Release|Any CPU.ActiveCfg = Release|Any CPU
		{CFEAE63F-78CD-4CBE-862D-E7EC1C8CEDB7}.Release|Any CPU.Build.0 = Release|Any CPU
	EndGlobalSection
	GlobalSection(SolutionProperties) = preSolution
		HideSolutionNode = FALSE
	EndGlobalSection
	GlobalSection(ExtensibilityGlobals) = postSolution
		SolutionGuid = {F2B57686-C8BB-4897-8E8B-D017FB11AAE5}
	EndGlobalSection
EndGlobal
